
Microsoft Visual Studio Solution File, Format Version 12.00
# Visual Studio 15
VisualStudioVersion = 15.0.27428.2005
MinimumVisualStudioVersion = 10.0.40219.1
Project("{FAE04EC0-301F-11D3-BF4B-00C04F79EFBC}") = "DungeonBuddy", "DungeonBuddy\DungeonBuddy.csproj", "{602D6373-E3CB-4F88-B8BC-7F165CC75339}"
EndProject
Global
	GlobalSection(SolutionConfigurationPlatforms) = preSolution
		Debug|Any CPU = Debug|Any CPU
		Release|Any CPU = Release|Any CPU
	EndGlobalSection
	GlobalSection(ProjectConfigurationPlatforms) = postSolution
		{602D6373-E3CB-4F88-B8BC-7F165CC75339}.Debug|Any CPU.ActiveCfg = Debug|Any CPU
		{602D6373-E3CB-4F88-B8BC-7F165CC75339}.Debug|Any CPU.Build.0 = Debug|Any CPU
		{602D6373-E3CB-4F88-B8BC-7F165CC75339}.Release|Any CPU.ActiveCfg = Release|Any CPU
		{602D6373-E3CB-4F88-B8BC-7F165CC75339}.Release|Any CPU.Build.0 = Release|Any CPU
	EndGlobalSection
	GlobalSection(SolutionProperties) = preSolution
		HideSolutionNode = FALSE
	EndGlobalSection
	GlobalSection(ExtensibilityGlobals) = postSolution
		SolutionGuid = {BD0A8753-2BED-4902-BEC0-FBC2B0F6343B}
	EndGlobalSection
EndGlobal
